
Microsoft Visual Studio Solution File, Format Version 12.00
# Visual Studio Version 17
VisualStudioVersion = 17.4.33103.184
MinimumVisualStudioVersion = 10.0.40219.1
Project("{9A19103F-16F7-4668-BE54-9A1E7A4F7556}") = "ChargeShare.UserService", "ChargeShare.UserService\ChargeShare.UserService.csproj", "{4E8D2C32-21E5-4D36-AE97-63CF2FA2B417}"
EndProject
Project("{9A19103F-16F7-4668-BE54-9A1E7A4F7556}") = "ChargeShare.Shared", "ChargeShare.Shared\ChargeShare.Shared\ChargeShare.Shared.csproj", "{4A08D50F-CCB4-4662-91DA-851D59BE580D}"
EndProject
Global
	GlobalSection(SolutionConfigurationPlatforms) = preSolution
		Debug|Any CPU = Debug|Any CPU
		Release|Any CPU = Release|Any CPU
	EndGlobalSection
	GlobalSection(ProjectConfigurationPlatforms) = postSolution
		{4E8D2C32-21E5-4D36-AE97-63CF2FA2B417}.Debug|Any CPU.ActiveCfg = Debug|Any CPU
		{4E8D2C32-21E5-4D36-AE97-63CF2FA2B417}.Debug|Any CPU.Build.0 = Debug|Any CPU
		{4E8D2C32-21E5-4D36-AE97-63CF2FA2B417}.Release|Any CPU.ActiveCfg = Release|Any CPU
		{4E8D2C32-21E5-4D36-AE97-63CF2FA2B417}.Release|Any CPU.Build.0 = Release|Any CPU
		{4A08D50F-CCB4-4662-91DA-851D59BE580D}.Debug|Any CPU.ActiveCfg = Debug|Any CPU
		{4A08D50F-CCB4-4662-91DA-851D59BE580D}.Debug|Any CPU.Build.0 = Debug|Any CPU
		{4A08D50F-CCB4-4662-91DA-851D59BE580D}.Release|Any CPU.ActiveCfg = Release|Any CPU
		{4A08D50F-CCB4-4662-91DA-851D59BE580D}.Release|Any CPU.Build.0 = Release|Any CPU
	EndGlobalSection
	GlobalSection(SolutionProperties) = preSolution
		HideSolutionNode = FALSE
	EndGlobalSection
	GlobalSection(ExtensibilityGlobals) = postSolution
		SolutionGuid = {073850F9-1912-4B7A-8FED-B812C96ECD17}
	EndGlobalSection
EndGlobal
